lockfile_version: '1'
generated_at: '2026-06-03T21:02:44.895990+00:00'
apm_version: 0.15.0
dependencies:
- repo_url: danielmeppiel/genesis
  host: github.com
  resolved_commit: 18e73c35e5cefaf431fbe4e080e8f125ebfece33
  package_type: skill_bundle
  deployed_files:
  - .agents/skills/genesis
  content_hash: sha256:3f941a3e288053f7c0d8111d5febcd2f94de6f9dada7e8479fa676736975a272
